
Microsoft Visual Studio Solution File, Format Version 12.00
# Visual Studio 15
Project("{FAE04EC0-301F-11D3-BF4B-00C04F79EFBC}") = "Box", "Box.csproj", "{6F01D5F2-6F51-8446-AB6F-4706786C49EB}"
EndProject
Project("{FAE04EC0-301F-11D3-BF4B-00C04F79EFBC}") = "Box.Editor", "Box.Editor.csproj", "{6320D4BE-3B66-BE80-648E-8F05FDB7E873}"
EndProject
Global
	GlobalSection(SolutionConfigurationPlatforms) = preSolution
		Debug|Any CPU = Debug|Any CPU
		Release|Any CPU = Release|Any CPU
	EndGlobalSection
	GlobalSection(ProjectConfigurationPlatforms) = postSolution
		{6F01D5F2-6F51-8446-AB6F-4706786C49EB}.Debug|Any CPU.ActiveCfg = Debug|Any CPU
		{6F01D5F2-6F51-8446-AB6F-4706786C49EB}.Debug|Any CPU.Build.0 = Debug|Any CPU
		{6F01D5F2-6F51-8446-AB6F-4706786C49EB}.Release|Any CPU.ActiveCfg = Release|Any CPU
		{6F01D5F2-6F51-8446-AB6F-4706786C49EB}.Release|Any CPU.Build.0 = Release|Any CPU
		{6320D4BE-3B66-BE80-648E-8F05FDB7E873}.Debug|Any CPU.ActiveCfg = Debug|Any CPU
		{6320D4BE-3B66-BE80-648E-8F05FDB7E873}.Debug|Any CPU.Build.0 = Debug|Any CPU
		{6320D4BE-3B66-BE80-648E-8F05FDB7E873}.Release|Any CPU.ActiveCfg = Release|Any CPU
		{6320D4BE-3B66-BE80-648E-8F05FDB7E873}.Release|Any CPU.Build.0 = Release|Any CPU
	EndGlobalSection
	GlobalSection(SolutionProperties) = preSolution
		HideSolutionNode = FALSE
	EndGlobalSection
EndGlobal
